
Microsoft Visual Studio Solution File, Format Version 12.00
# Visual Studio Version 17
VisualStudioVersion = 17.5.002.0
MinimumVisualStudioVersion = 10.0.40219.1
Project("{9A19103F-16F7-4668-BE54-9A1E7A4F7556}") = "Exo.WebApi", "Exo.WebApi.csproj", "{91C31BC9-A400-4A43-A5E4-5EAC464922E7}"
EndProject
Global
	GlobalSection(SolutionConfigurationPlatforms) = preSolution
		Debug|Any CPU = Debug|Any CPU
		Release|Any CPU = Release|Any CPU
	EndGlobalSection
	GlobalSection(ProjectConfigurationPlatforms) = postSolution
		{91C31BC9-A400-4A43-A5E4-5EAC464922E7}.Debug|Any CPU.ActiveCfg = Debug|Any CPU
		{91C31BC9-A400-4A43-A5E4-5EAC464922E7}.Debug|Any CPU.Build.0 = Debug|Any CPU
		{91C31BC9-A400-4A43-A5E4-5EAC464922E7}.Release|Any CPU.ActiveCfg = Release|Any CPU
		{91C31BC9-A400-4A43-A5E4-5EAC464922E7}.Release|Any CPU.Build.0 = Release|Any CPU
	EndGlobalSection
	GlobalSection(SolutionProperties) = preSolution
		HideSolutionNode = FALSE
	EndGlobalSection
	GlobalSection(ExtensibilityGlobals) = postSolution
		SolutionGuid = {DDD2E627-D511-47EE-BA03-930C333A1D15}
	EndGlobalSection
EndGlobal
